// !$*UTF8*$!
{
	archiveVersion = 1;
	classes = {
	};
	objectVersion = 50;
	objects = {

/* Begin PBXBuildFile section */
		3712627BF67C0D10CFF882A5 /* Pods_TestCompileDemoSwiftUITests.framework in Frameworks */ = {isa = PBXBuildFile; fileRef = 50A33EEFED1CE1BC00680402 /* Pods_TestCompileDemoSwiftUITests.framework */; };
		3E13056321D5326700B08545 /* logo in Resources */ = {isa = PBXBuildFile; fileRef = 3E13056221D5326700B08545 /* logo */; };
		3E20C086218AAB1200FAF8FB /* ToolCellModel.swift in Sources */ = {isa = PBXBuildFile; fileRef = 3E20C085218AAB1200FAF8FB /* ToolCellModel.swift */; };
		3E20C088218AB69100FAF8FB /* Utils.swift in Sources */ = {isa = PBXBuildFile; fileRef = 3E20C087218AB69100FAF8FB /* Utils.swift */; };
		3E20C08E218AFA1800FAF8FB /* iOS_EWalletDynamic.framework in Frameworks */ = {isa = PBXBuildFile; fileRef = 3E3D7BDB2186DDE40068F5F0 /* iOS_EWalletDynamic.framework */; };
		3E20C08F218AFA1800FAF8FB /* iOS_EWalletDynamic.framework in Embed Frameworks */ = {isa = PBXBuildFile; fileRef = 3E3D7BDB2186DDE40068F5F0 /* iOS_EWalletDynamic.framework */; settings = {ATTRIBUTES = (CodeSignOnCopy, RemoveHeadersOnCopy, ); }; };
		3E20C09A218BE80C00FAF8FB /* ToolCell.swift in Sources */ = {isa = PBXBuildFile; fileRef = 3E20C099218BE80C00FAF8FB /* ToolCell.swift */; };
		3E20C09C218BE84200FAF8FB /* ToolCell.xib in Resources */ = {isa = PBXBuildFile; fileRef = 3E20C09B218BE84200FAF8FB /* ToolCell.xib */; };
		3E3A7AA7218C2B3E0057EB06 /* Test_C_EWallet_ViewController.swift in Sources */ = {isa = PBXBuildFile; fileRef = 3E3A7AA6218C2B3E0057EB06 /* Test_C_EWallet_ViewController.swift */; };
		3E3A7AA9218FCBB50057EB06 /* PickerViewAlert.swift in Sources */ = {isa = PBXBuildFile; fileRef = 3E3A7AA8218FCBB50057EB06 /* PickerViewAlert.swift */; };
		3E3A7AAB218FD4840057EB06 /* TextFieldViewAlert.swift in Sources */ = {isa = PBXBuildFile; fileRef = 3E3A7AAA218FD4840057EB06 /* TextFieldViewAlert.swift */; };
		3E3A7AAF218FE2390057EB06 /* ToolInputView.swift in Sources */ = {isa = PBXBuildFile; fileRef = 3E3A7AAE218FE2390057EB06 /* ToolInputView.swift */; };
		3E3D7BBC2186DD700068F5F0 /* AppDelegate.swift in Sources */ = {isa = PBXBuildFile; fileRef = 3E3D7BBB2186DD700068F5F0 /* AppDelegate.swift */; };
		3E3D7BBE2186DD700068F5F0 /* ViewController.swift in Sources */ = {isa = PBXBuildFile; fileRef = 3E3D7BBD2186DD700068F5F0 /* ViewController.swift */; };
		3E3D7BC12186DD700068F5F0 /* Main.storyboard in Resources */ = {isa = PBXBuildFile; fileRef = 3E3D7BBF2186DD700068F5F0 /* Main.storyboard */; };
		3E3D7BC32186DD740068F5F0 /* Assets.xcassets in Resources */ = {isa = PBXBuildFile; fileRef = 3E3D7BC22186DD740068F5F0 /* Assets.xcassets */; };
		3E3D7BC62186DD740068F5F0 /* LaunchScreen.storyboard in Resources */ = {isa = PBXBuildFile; fileRef = 3E3D7BC42186DD740068F5F0 /* LaunchScreen.storyboard */; };
		3E3D7BD12186DD740068F5F0 /* TestCompileDemoSwiftUITests.swift in Sources */ = {isa = PBXBuildFile; fileRef = 3E3D7BD02186DD740068F5F0 /* TestCompileDemoSwiftUITests.swift */; };
		C8231D8E0172F4A57FAA8948 /* Pods_TestCompileDemoSwift.framework in Frameworks */ = {isa = PBXBuildFile; fileRef = AB5FF34B8034DC206D55824F /* Pods_TestCompileDemoSwift.framework */; };
/* End PBXBuildFile section */

/* Begin PBXContainerItemProxy section */
		3E3D7BCD2186DD740068F5F0 /* PBXContainerItemProxy */ = {
			isa = PBXContainerItemProxy;
			containerPortal = 3E3D7BB02186DD700068F5F0 /* Project object */;
			proxyType = 1;
			remoteGlobalIDString = 3E3D7BB72186DD700068F5F0;
			remoteInfo = TestCompileDemoSwift;
		};
/* End PBXContainerItemProxy section */

/* Begin PBXCopyFilesBuildPhase section */
		3E20C090218AFA1800FAF8FB /* Embed Frameworks */ = {
			isa = PBXCopyFilesBuildPhase;
			buildActionMask = 2147483647;
			dstPath = "";
			dstSubfolderSpec = 10;
			files = (
				3E20C08F218AFA1800FAF8FB /* iOS_EWalletDynamic.framework in Embed Frameworks */,
			);
			name = "Embed Frameworks";
			runOnlyForDeploymentPostprocessing = 0;
		};
/* End PBXCopyFilesBuildPhase section */

/* Begin PBXFileReference section */
		3D0E3EBD0110ADB869DFE7D4 /* Pods-TestCompileDemoSwiftUITests.release.xcconfig */ = {isa = PBXFileReference; includeInIndex = 1; lastKnownFileType = text.xcconfig; name = "Pods-TestCompileDemoSwiftUITests.release.xcconfig"; path = "Pods/Target Support Files/Pods-TestCompileDemoSwiftUITests/Pods-TestCompileDemoSwiftUITests.release.xcconfig"; sourceTree = "<group>"; };
		3E13056221D5326700B08545 /* logo */ = {isa = PBXFileReference; lastKnownFileType = folder; path = logo; sourceTree = "<group>"; };
		3E20C085218AAB1200FAF8FB /* ToolCellModel.swift */ = {isa = PBXFileReference; lastKnownFileType = sourcecode.swift; path = ToolCellModel.swift; sourceTree = "<group>"; };
		3E20C087218AB69100FAF8FB /* Utils.swift */ = {isa = PBXFileReference; lastKnownFileType = sourcecode.swift; path = Utils.swift; sourceTree = "<group>"; };
		3E20C099218BE80C00FAF8FB /* ToolCell.swift */ = {isa = PBXFileReference; lastKnownFileType = sourcecode.swift; path = ToolCell.swift; sourceTree = "<group>"; };
		3E20C09B218BE84200FAF8FB /* ToolCell.xib */ = {isa = PBXFileReference; lastKnownFileType = file.xib; path = ToolCell.xib; sourceTree = "<group>"; };
		3E3A7AA6218C2B3E0057EB06 /* Test_C_EWallet_ViewController.swift */ = {isa = PBXFileReference; lastKnownFileType = sourcecode.swift; path = Test_C_EWallet_ViewController.swift; sourceTree = "<group>"; };
		3E3A7AA8218FCBB50057EB06 /* PickerViewAlert.swift */ = {isa = PBXFileReference; lastKnownFileType = sourcecode.swift; path = PickerViewAlert.swift; sourceTree = "<group>"; };
		3E3A7AAA218FD4840057EB06 /* TextFieldViewAlert.swift */ = {isa = PBXFileReference; lastKnownFileType = sourcecode.swift; path = TextFieldViewAlert.swift; sourceTree = "<group>"; };
		3E3A7AAE218FE2390057EB06 /* ToolInputView.swift */ = {isa = PBXFileReference; lastKnownFileType = sourcecode.swift; path = ToolInputView.swift; sourceTree = "<group>"; };
		3E3D7BB82186DD700068F5F0 /* TestCompileDemoSwift.app */ = {isa = PBXFileReference; explicitFileType = wrapper.application; includeInIndex = 0; path = TestCompileDemoSwift.app; sourceTree = BUILT_PRODUCTS_DIR; };
		3E3D7BBB2186DD700068F5F0 /* AppDelegate.swift */ = {isa = PBXFileReference; lastKnownFileType = sourcecode.swift; path = AppDelegate.swift; sourceTree = "<group>"; };
		3E3D7BBD2186DD700068F5F0 /* ViewController.swift */ = {isa = PBXFileReference; lastKnownFileType = sourcecode.swift; path = ViewController.swift; sourceTree = "<group>"; };
		3E3D7BC02186DD700068F5F0 /* Base */ = {isa = PBXFileReference; lastKnownFileType = file.storyboard; name = Base; path = Base.lproj/Main.storyboard; sourceTree = "<group>"; };
		3E3D7BC22186DD740068F5F0 /* Assets.xcassets */ = {isa = PBXFileReference; lastKnownFileType = folder.assetcatalog; path = Assets.xcassets; sourceTree = "<group>"; };
		3E3D7BC52186DD740068F5F0 /* Base */ = {isa = PBXFileReference; lastKnownFileType = file.storyboard; name = Base; path = Base.lproj/LaunchScreen.storyboard; sourceTree = "<group>"; };
		3E3D7BC72186DD740068F5F0 /* Info.plist */ = {isa = PBXFileReference; lastKnownFileType = text.plist.xml; path = Info.plist; sourceTree = "<group>"; };
		3E3D7BCC2186DD740068F5F0 /* TestCompileDemoSwiftUITests.xctest */ = {isa = PBXFileReference; explicitFileType = wrapper.cfbundle; includeInIndex = 0; path = TestCompileDemoSwiftUITests.xctest; sourceTree = BUILT_PRODUCTS_DIR; };
		3E3D7BD02186DD740068F5F0 /* TestCompileDemoSwiftUITests.swift */ = {isa = PBXFileReference; lastKnownFileType = sourcecode.swift; path = TestCompileDemoSwiftUITests.swift; sourceTree = "<group>"; };
		3E3D7BD22186DD740068F5F0 /* Info.plist */ = {isa = PBXFileReference; lastKnownFileType = text.plist.xml; path = Info.plist; sourceTree = "<group>"; };
		3E3D7BDB2186DDE40068F5F0 /* iOS_EWalletDynamic.framework */ = {isa = PBXFileReference; lastKnownFileType = wrapper.framework; path = iOS_EWalletDynamic.framework; sourceTree = "<group>"; };
		3E3D7BE02186DF600068F5F0 /* TestCompileDemoSwift-Bridging-Header.h */ = {isa = PBXFileReference; lastKnownFileType = sourcecode.c.h; path = "TestCompileDemoSwift-Bridging-Header.h"; sourceTree = "<group>"; };
		50A33EEFED1CE1BC00680402 /* Pods_TestCompileDemoSwiftUITests.framework */ = {isa = PBXFileReference; explicitFileType = wrapper.framework; includeInIndex = 0; path = Pods_TestCompileDemoSwiftUITests.framework; sourceTree = BUILT_PRODUCTS_DIR; };
		89E496013177153E288D5B87 /* Pods-TestCompileDemoSwiftUITests.debug.xcconfig */ = {isa = PBXFileReference; includeInIndex = 1; lastKnownFileType = text.xcconfig; name = "Pods-TestCompileDemoSwiftUITests.debug.xcconfig"; path = "Pods/Target Support Files/Pods-TestCompileDemoSwiftUITests/Pods-TestCompileDemoSwiftUITests.debug.xcconfig"; sourceTree = "<group>"; };
		A7A06B2CA8D7721E37D10682 /* Pods-TestCompileDemoSwift.debug.xcconfig */ = {isa = PBXFileReference; includeInIndex = 1; lastKnownFileType = text.xcconfig; name = "Pods-TestCompileDemoSwift.debug.xcconfig"; path = "Pods/Target Support Files/Pods-TestCompileDemoSwift/Pods-TestCompileDemoSwift.debug.xcconfig"; sourceTree = "<group>"; };
		AB5FF34B8034DC206D55824F /* Pods_TestCompileDemoSwift.framework */ = {isa = PBXFileReference; explicitFileType = wrapper.framework; includeInIndex = 0; path = Pods_TestCompileDemoSwift.framework; sourceTree = BUILT_PRODUCTS_DIR; };
		E06B61A986EF0555ACCA27DF /* Pods-TestCompileDemoSwift.release.xcconfig */ = {isa = PBXFileReference; includeInIndex = 1; lastKnownFileType = text.xcconfig; name = "Pods-TestCompileDemoSwift.release.xcconfig"; path = "Pods/Target Support Files/Pods-TestCompileDemoSwift/Pods-TestCompileDemoSwift.release.xcconfig"; sourceTree = "<group>"; };
/* End PBXFileReference section */

/* Begin PBXFrameworksBuildPhase section */
		3E3D7BB52186DD700068F5F0 /* Frameworks */ = {
			isa = PBXFrameworksBuildPhase;
			buildActionMask = 2147483647;
			files = (
				C8231D8E0172F4A57FAA8948 /* Pods_TestCompileDemoSwift.framework in Frameworks */,
				3E20C08E218AFA1800FAF8FB /* iOS_EWalletDynamic.framework in Frameworks */,
			);
			runOnlyForDeploymentPostprocessing = 0;
		};
		3E3D7BC92186DD740068F5F0 /* Frameworks */ = {
			isa = PBXFrameworksBuildPhase;
			buildActionMask = 2147483647;
			files = (
				3712627BF67C0D10CFF882A5 /* Pods_TestCompileDemoSwiftUITests.framework in Frameworks */,
			);
			runOnlyForDeploymentPostprocessing = 0;
		};
/* End PBXFrameworksBuildPhase section */

/* Begin PBXGroup section */
		3E20C089218AF88000FAF8FB /* PA_EWallet */ = {
			isa = PBXGroup;
			children = (
				3E3D7BDB2186DDE40068F5F0 /* iOS_EWalletDynamic.framework */,
			);
			path = PA_EWallet;
			sourceTree = "<group>";
		};
		3E2A2894218A9D930019A928 /* VCCell */ = {
			isa = PBXGroup;
			children = (
				3E20C085218AAB1200FAF8FB /* ToolCellModel.swift */,
				3E20C099218BE80C00FAF8FB /* ToolCell.swift */,
				3E20C09B218BE84200FAF8FB /* ToolCell.xib */,
			);
			path = VCCell;
			sourceTree = "<group>";
		};
		3E3D7BAF2186DD700068F5F0 = {
			isa = PBXGroup;
			children = (
				3E3D7BBA2186DD700068F5F0 /* TestCompileDemoSwift */,
				3E3D7BCF2186DD740068F5F0 /* TestCompileDemoSwiftUITests */,
				3E3D7BB92186DD700068F5F0 /* Products */,
				7E66B8470E35ABD4C6DA5D18 /* Pods */,
				62C361610ED1F0AD82607B87 /* Frameworks */,
			);
			sourceTree = "<group>";
		};
		3E3D7BB92186DD700068F5F0 /* Products */ = {
			isa = PBXGroup;
			children = (
				3E3D7BB82186DD700068F5F0 /* TestCompileDemoSwift.app */,
				3E3D7BCC2186DD740068F5F0 /* TestCompileDemoSwiftUITests.xctest */,
			);
			name = Products;
			sourceTree = "<group>";
		};
		3E3D7BBA2186DD700068F5F0 /* TestCompileDemoSwift */ = {
			isa = PBXGroup;
			children = (
				3E13056221D5326700B08545 /* logo */,
				3E20C089218AF88000FAF8FB /* PA_EWallet */,
				3E2A2894218A9D930019A928 /* VCCell */,
				3E3D7BBB2186DD700068F5F0 /* AppDelegate.swift */,
				3E3D7BBD2186DD700068F5F0 /* ViewController.swift */,
				3E20C087218AB69100FAF8FB /* Utils.swift */,
				3E3D7BBF2186DD700068F5F0 /* Main.storyboard */,
				3E3D7BC22186DD740068F5F0 /* Assets.xcassets */,
				3E3D7BC42186DD740068F5F0 /* LaunchScreen.storyboard */,
				3E3D7BC72186DD740068F5F0 /* Info.plist */,
				3E3A7AA8218FCBB50057EB06 /* PickerViewAlert.swift */,
				3E3D7BE02186DF600068F5F0 /* TestCompileDemoSwift-Bridging-Header.h */,
				3E3A7AA6218C2B3E0057EB06 /* Test_C_EWallet_ViewController.swift */,
				3E3A7AAA218FD4840057EB06 /* TextFieldViewAlert.swift */,
				3E3A7AAE218FE2390057EB06 /* ToolInputView.swift */,
			);
			path = TestCompileDemoSwift;
			sourceTree = "<group>";
		};
		3E3D7BCF2186DD740068F5F0 /* TestCompileDemoSwiftUITests */ = {
			isa = PBXGroup;
			children = (
				3E3D7BD02186DD740068F5F0 /* TestCompileDemoSwiftUITests.swift */,
				3E3D7BD22186DD740068F5F0 /* Info.plist */,
			);
			path = TestCompileDemoSwiftUITests;
			sourceTree = "<group>";
		};
		62C361610ED1F0AD82607B87 /* Frameworks */ = {
			isa = PBXGroup;
			children = (
				AB5FF34B8034DC206D55824F /* Pods_TestCompileDemoSwift.framework */,
				50A33EEFED1CE1BC00680402 /* Pods_TestCompileDemoSwiftUITests.framework */,
			);
			name = Frameworks;
			sourceTree = "<group>";
		};
		7E66B8470E35ABD4C6DA5D18 /* Pods */ = {
			isa = PBXGroup;
			children = (
				A7A06B2CA8D7721E37D10682 /* Pods-TestCompileDemoSwift.debug.xcconfig */,
				E06B61A986EF0555ACCA27DF /* Pods-TestCompileDemoSwift.release.xcconfig */,
				89E496013177153E288D5B87 /* Pods-TestCompileDemoSwiftUITests.debug.xcconfig */,
				3D0E3EBD0110ADB869DFE7D4 /* Pods-TestCompileDemoSwiftUITests.release.xcconfig */,
			);
			name = Pods;
			sourceTree = "<group>";
		};
/* End PBXGroup section */

/* Begin PBXNativeTarget section */
		3E3D7BB72186DD700068F5F0 /* TestCompileDemoSwift */ = {
			isa = PBXNativeTarget;
			buildConfigurationList = 3E3D7BD52186DD740068F5F0 /* Build configuration list for PBXNativeTarget "TestCompileDemoSwift" */;
			buildPhases = (
				29ACDE2179C2406167CFB457 /* [CP] Check Pods Manifest.lock */,
				3E3D7BB42186DD700068F5F0 /* Sources */,
				3E3D7BB52186DD700068F5F0 /* Frameworks */,
				3E3D7BB62186DD700068F5F0 /* Resources */,
				3E20C090218AFA1800FAF8FB /* Embed Frameworks */,
				2EAB79EF41EFD5634B4DF155 /* [CP] Embed Pods Frameworks */,
			);
			buildRules = (
			);
			dependencies = (
			);
			name = TestCompileDemoSwift;
			productName = TestCompileDemoSwift;
			productReference = 3E3D7BB82186DD700068F5F0 /* TestCompileDemoSwift.app */;
			productType = "com.apple.product-type.application";
		};
		3E3D7BCB2186DD740068F5F0 /* TestCompileDemoSwiftUITests */ = {
			isa = PBXNativeTarget;
			buildConfigurationList = 3E3D7BD82186DD740068F5F0 /* Build configuration list for PBXNativeTarget "TestCompileDemoSwiftUITests" */;
			buildPhases = (
				E9B87293C88926B22E35BD33 /* [CP] Check Pods Manifest.lock */,
				3E3D7BC82186DD740068F5F0 /* Sources */,
				3E3D7BC92186DD740068F5F0 /* Frameworks */,
				3E3D7BCA2186DD740068F5F0 /* Resources */,
			);
			buildRules = (
			);
			dependencies = (
				3E3D7BCE2186DD740068F5F0 /* PBXTargetDependency */,
			);
			name = TestCompileDemoSwiftUITests;
			productName = TestCompileDemoSwiftUITests;
			productReference = 3E3D7BCC2186DD740068F5F0 /* TestCompileDemoSwiftUITests.xctest */;
			productType = "com.apple.product-type.bundle.ui-testing";
		};
/* End PBXNativeTarget section */

/* Begin PBXProject section */
		3E3D7BB02186DD700068F5F0 /* Project object */ = {
			isa = PBXProject;
			attributes = {
				LastSwiftUpdateCheck = 0940;
				LastUpgradeCheck = 0940;
				ORGANIZATIONNAME = extropies;
				TargetAttributes = {
					3E3D7BB72186DD700068F5F0 = {
						CreatedOnToolsVersion = 9.4.1;
						LastSwiftMigration = 0940;
					};
					3E3D7BCB2186DD740068F5F0 = {
						CreatedOnToolsVersion = 9.4.1;
						TestTargetID = 3E3D7BB72186DD700068F5F0;
					};
				};
			};
			buildConfigurationList = 3E3D7BB32186DD700068F5F0 /* Build configuration list for PBXProject "TestCompileDemoSwift" */;
			compatibilityVersion = "Xcode 9.3";
			developmentRegion = en;
			hasScannedForEncodings = 0;
			knownRegions = (
				en,
				Base,
			);
			mainGroup = 3E3D7BAF2186DD700068F5F0;
			productRefGroup = 3E3D7BB92186DD700068F5F0 /* Products */;
			projectDirPath = "";
			projectRoot = "";
			targets = (
				3E3D7BB72186DD700068F5F0 /* TestCompileDemoSwift */,
				3E3D7BCB2186DD740068F5F0 /* TestCompileDemoSwiftUITests */,
			);
		};
/* End PBXProject section */

/* Begin PBXResourcesBuildPhase section */
		3E3D7BB62186DD700068F5F0 /* Resources */ = {
			isa = PBXResourcesBuildPhase;
			buildActionMask = 2147483647;
			files = (
				3E13056321D5326700B08545 /* logo in Resources */,
				3E3D7BC62186DD740068F5F0 /* LaunchScreen.storyboard in Resources */,
				3E3D7BC32186DD740068F5F0 /* Assets.xcassets in Resources */,
				3E3D7BC12186DD700068F5F0 /* Main.storyboard in Resources */,
				3E20C09C218BE84200FAF8FB /* ToolCell.xib in Resources */,
			);
			runOnlyForDeploymentPostprocessing = 0;
		};
		3E3D7BCA2186DD740068F5F0 /* Resources */ = {
			isa = PBXResourcesBuildPhase;
			buildActionMask = 2147483647;
			files = (
			);
			runOnlyForDeploymentPostprocessing = 0;
		};
/* End PBXResourcesBuildPhase section */

/* Begin PBXShellScriptBuildPhase section */
		29ACDE2179C2406167CFB457 /* [CP] Check Pods Manifest.lock */ = {
			isa = PBXShellScriptBuildPhase;
			buildActionMask = 2147483647;
			files = (
			);
			inputPaths = (
				"${PODS_PODFILE_DIR_PATH}/Podfile.lock",
				"${PODS_ROOT}/Manifest.lock",
			);
			name = "[CP] Check Pods Manifest.lock";
			outputPaths = (
				"$(DERIVED_FILE_DIR)/Pods-TestCompileDemoSwift-checkManifestLockResult.txt",
			);
			runOnlyForDeploymentPostprocessing = 0;
			shellPath = /bin/sh;
			shellScript = "diff \"${PODS_PODFILE_DIR_PATH}/Podfile.lock\" \"${PODS_ROOT}/Manifest.lock\" > /dev/null\nif [ $? != 0 ] ; then\n    # print error to STDERR\n    echo \"error: The sandbox is not in sync with the Podfile.lock. Run 'pod install' or update your CocoaPods installation.\" >&2\n    exit 1\nfi\n# This output is used by Xcode 'outputs' to avoid re-running this script phase.\necho \"SUCCESS\" > \"${SCRIPT_OUTPUT_FILE_0}\"\n";
			showEnvVarsInLog = 0;
		};
		2EAB79EF41EFD5634B4DF155 /* [CP] Embed Pods Frameworks */ = {
			isa = PBXShellScriptBuildPhase;
			buildActionMask = 2147483647;
			files = (
			);
			inputPaths = (
				"${SRCROOT}/Pods/Target Support Files/Pods-TestCompileDemoSwift/Pods-TestCompileDemoSwift-frameworks.sh",
				"${BUILT_PRODUCTS_DIR}/IQKeyboardManagerSwift/IQKeyboardManagerSwift.framework",
				"${BUILT_PRODUCTS_DIR}/Masonry/Masonry.framework",
			);
			name = "[CP] Embed Pods Frameworks";
			outputPaths = (
				"${TARGET_BUILD_DIR}/${FRAMEWORKS_FOLDER_PATH}/IQKeyboardManagerSwift.framework",
				"${TARGET_BUILD_DIR}/${FRAMEWORKS_FOLDER_PATH}/Masonry.framework",
			);
			runOnlyForDeploymentPostprocessing = 0;
			shellPath = /bin/sh;
			shellScript = "\"${SRCROOT}/Pods/Target Support Files/Pods-TestCompileDemoSwift/Pods-TestCompileDemoSwift-frameworks.sh\"\n";
			showEnvVarsInLog = 0;
		};
		E9B87293C88926B22E35BD33 /* [CP] Check Pods Manifest.lock */ = {
			isa = PBXShellScriptBuildPhase;
			buildActionMask = 2147483647;
			files = (
			);
			inputPaths = (
				"${PODS_PODFILE_DIR_PATH}/Podfile.lock",
				"${PODS_ROOT}/Manifest.lock",
			);
			name = "[CP] Check Pods Manifest.lock";
			outputPaths = (
				"$(DERIVED_FILE_DIR)/Pods-TestCompileDemoSwiftUITests-checkManifestLockResult.txt",
			);
			runOnlyForDeploymentPostprocessing = 0;
			shellPath = /bin/sh;
			shellScript = "diff \"${PODS_PODFILE_DIR_PATH}/Podfile.lock\" \"${PODS_ROOT}/Manifest.lock\" > /dev/null\nif [ $? != 0 ] ; then\n    # print error to STDERR\n    echo \"error: The sandbox is not in sync with the Podfile.lock. Run 'pod install' or update your CocoaPods installation.\" >&2\n    exit 1\nfi\n# This output is used by Xcode 'outputs' to avoid re-running this script phase.\necho \"SUCCESS\" > \"${SCRIPT_OUTPUT_FILE_0}\"\n";
			showEnvVarsInLog = 0;
		};
/* End PBXShellScriptBuildPhase section */

/* Begin PBXSourcesBuildPhase section */
		3E3D7BB42186DD700068F5F0 /* Sources */ = {
			isa = PBXSourcesBuildPhase;
			buildActionMask = 2147483647;
			files = (
				3E20C088218AB69100FAF8FB /* Utils.swift in Sources */,
				3E3A7AAF218FE2390057EB06 /* ToolInputView.swift in Sources */,
				3E3D7BBE2186DD700068F5F0 /* ViewController.swift in Sources */,
				3E20C086218AAB1200FAF8FB /* ToolCellModel.swift in Sources */,
				3E3A7AA9218FCBB50057EB06 /* PickerViewAlert.swift in Sources */,
				3E3A7AA7218C2B3E0057EB06 /* Test_C_EWallet_ViewController.swift in Sources */,
				3E20C09A218BE80C00FAF8FB /* ToolCell.swift in Sources */,
				3E3D7BBC2186DD700068F5F0 /* AppDelegate.swift in Sources */,
				3E3A7AAB218FD4840057EB06 /* TextFieldViewAlert.swift in Sources */,
			);
			runOnlyForDeploymentPostprocessing = 0;
		};
		3E3D7BC82186DD740068F5F0 /* Sources */ = {
			isa = PBXSourcesBuildPhase;
			buildActionMask = 2147483647;
			files = (
				3E3D7BD12186DD740068F5F0 /* TestCompileDemoSwiftUITests.swift in Sources */,
			);
			runOnlyForDeploymentPostprocessing = 0;
		};
/* End PBXSourcesBuildPhase section */

/* Begin PBXTargetDependency section */
		3E3D7BCE2186DD740068F5F0 /* PBXTargetDependency */ = {
			isa = PBXTargetDependency;
			target = 3E3D7BB72186DD700068F5F0 /* TestCompileDemoSwift */;
			targetProxy = 3E3D7BCD2186DD740068F5F0 /* PBXContainerItemProxy */;
		};
/* End PBXTargetDependency section */

/* Begin PBXVariantGroup section */
		3E3D7BBF2186DD700068F5F0 /* Main.storyboard */ = {
			isa = PBXVariantGroup;
			children = (
				3E3D7BC02186DD700068F5F0 /* Base */,
			);
			name = Main.storyboard;
			sourceTree = "<group>";
		};
		3E3D7BC42186DD740068F5F0 /* LaunchScreen.storyboard */ = {
			isa = PBXVariantGroup;
			children = (
				3E3D7BC52186DD740068F5F0 /* Base */,
			);
			name = LaunchScreen.storyboard;
			sourceTree = "<group>";
		};
/* End PBXVariantGroup section */

/* Begin XCBuildConfiguration section */
		3E3D7BD32186DD740068F5F0 /* Debug */ = {
			isa = XCBuildConfiguration;
			buildSettings = {
				ALWAYS_SEARCH_USER_PATHS = NO;
				CLANG_ANALYZER_NONNULL = YES;
				CLANG_ANALYZER_NUMBER_OBJECT_CONVERSION = YES_AGGRESSIVE;
				CLANG_CXX_LANGUAGE_STANDARD = "gnu++14";
				CLANG_CXX_LIBRARY = "libc++";
				CLANG_ENABLE_MODULES = YES;
				CLANG_ENABLE_OBJC_ARC = YES;
				CLANG_ENABLE_OBJC_WEAK = YES;
				CLANG_WARN_BLOCK_CAPTURE_AUTORELEASING = YES;
				CLANG_WARN_BOOL_CONVERSION = YES;
				CLANG_WARN_COMMA = YES;
				CLANG_WARN_CONSTANT_CONVERSION = YES;
				CLANG_WARN_DEPRECATED_OBJC_IMPLEMENTATIONS = YES;
				CLANG_WARN_DIRECT_OBJC_ISA_USAGE = YES_ERROR;
				CLANG_WARN_DOCUMENTATION_COMMENTS = YES;
				CLANG_WARN_EMPTY_BODY = YES;
				CLANG_WARN_ENUM_CONVERSION = YES;
				CLANG_WARN_INFINITE_RECURSION = YES;
				CLANG_WARN_INT_CONVERSION = YES;
				CLANG_WARN_NON_LITERAL_NULL_CONVERSION = YES;
				CLANG_WARN_OBJC_IMPLICIT_RETAIN_SELF = YES;
				CLANG_WARN_OBJC_LITERAL_CONVERSION = YES;
				CLANG_WARN_OBJC_ROOT_CLASS = YES_ERROR;
				CLANG_WARN_RANGE_LOOP_ANALYSIS = YES;
				CLANG_WARN_STRICT_PROTOTYPES = YES;
				CLANG_WARN_SUSPICIOUS_MOVE = YES;
				CLANG_WARN_UNGUARDED_AVAILABILITY = YES_AGGRESSIVE;
				CLANG_WARN_UNREACHABLE_CODE = YES;
				CLANG_WARN__DUPLICATE_METHOD_MATCH = YES;
				CODE_SIGN_IDENTITY = "iPhone Developer";
				COPY_PHASE_STRIP = NO;
				DEBUG_INFORMATION_FORMAT = dwarf;
				ENABLE_STRICT_OBJC_MSGSEND = YES;
				ENABLE_TESTABILITY = YES;
				GCC_C_LANGUAGE_STANDARD = gnu11;
				GCC_DYNAMIC_NO_PIC = NO;
				GCC_NO_COMMON_BLOCKS = YES;
				GCC_OPTIMIZATION_LEVEL = 0;
				GCC_PREPROCESSOR_DEFINITIONS = (
					"DEBUG=1",
					"$(inherited)",
				);
				GCC_WARN_64_TO_32_BIT_CONVERSION = YES;
				GCC_WARN_ABOUT_RETURN_TYPE = YES_ERROR;
				GCC_WARN_UNDECLARED_SELECTOR = YES;
				GCC_WARN_UNINITIALIZED_AUTOS = YES_AGGRESSIVE;
				GCC_WARN_UNUSED_FUNCTION = YES;
				GCC_WARN_UNUSED_VARIABLE = YES;
				IPHONEOS_DEPLOYMENT_TARGET = 11.4;
				MTL_ENABLE_DEBUG_INFO = YES;
				ONLY_ACTIVE_ARCH = YES;
				SDKROOT = iphoneos;
				SWIFT_ACTIVE_COMPILATION_CONDITIONS = DEBUG;
				SWIFT_OPTIMIZATION_LEVEL = "-Onone";
			};
			name = Debug;
		};
		3E3D7BD42186DD740068F5F0 /* Release */ = {
			isa = XCBuildConfiguration;
			buildSettings = {
				ALWAYS_SEARCH_USER_PATHS = NO;
				CLANG_ANALYZER_NONNULL = YES;
				CLANG_ANALYZER_NUMBER_OBJECT_CONVERSION = YES_AGGRESSIVE;
				CLANG_CXX_LANGUAGE_STANDARD = "gnu++14";
				CLANG_CXX_LIBRARY = "libc++";
				CLANG_ENABLE_MODULES = YES;
				CLANG_ENABLE_OBJC_ARC = YES;
				CLANG_ENABLE_OBJC_WEAK = YES;
				CLANG_WARN_BLOCK_CAPTURE_AUTORELEASING = YES;
				CLANG_WARN_BOOL_CONVERSION = YES;
				CLANG_WARN_COMMA = YES;
				CLANG_WARN_CONSTANT_CONVERSION = YES;
				CLANG_WARN_DEPRECATED_OBJC_IMPLEMENTATIONS = YES;
				CLANG_WARN_DIRECT_OBJC_ISA_USAGE = YES_ERROR;
				CLANG_WARN_DOCUMENTATION_COMMENTS = YES;
				CLANG_WARN_EMPTY_BODY = YES;
				CLANG_WARN_ENUM_CONVERSION = YES;
				CLANG_WARN_INFINITE_RECURSION = YES;
				CLANG_WARN_INT_CONVERSION = YES;
				CLANG_WARN_NON_LITERAL_NULL_CONVERSION = YES;
				CLANG_WARN_OBJC_IMPLICIT_RETAIN_SELF = YES;
				CLANG_WARN_OBJC_LITERAL_CONVERSION = YES;
				CLANG_WARN_OBJC_ROOT_CLASS = YES_ERROR;
				CLANG_WARN_RANGE_LOOP_ANALYSIS = YES;
				CLANG_WARN_STRICT_PROTOTYPES = YES;
				CLANG_WARN_SUSPICIOUS_MOVE = YES;
				CLANG_WARN_UNGUARDED_AVAILABILITY = YES_AGGRESSIVE;
				CLANG_WARN_UNREACHABLE_CODE = YES;
				CLANG_WARN__DUPLICATE_METHOD_MATCH = YES;
				CODE_SIGN_IDENTITY = "iPhone Developer";
				COPY_PHASE_STRIP = NO;
				DEBUG_INFORMATION_FORMAT = "dwarf-with-dsym";
				ENABLE_NS_ASSERTIONS = NO;
				ENABLE_STRICT_OBJC_MSGSEND = YES;
				GCC_C_LANGUAGE_STANDARD = gnu11;
				GCC_NO_COMMON_BLOCKS = YES;
				GCC_WARN_64_TO_32_BIT_CONVERSION = YES;
				GCC_WARN_ABOUT_RETURN_TYPE = YES_ERROR;
				GCC_WARN_UNDECLARED_SELECTOR = YES;
				GCC_WARN_UNINITIALIZED_AUTOS = YES_AGGRESSIVE;
				GCC_WARN_UNUSED_FUNCTION = YES;
				GCC_WARN_UNUSED_VARIABLE = YES;
				IPHONEOS_DEPLOYMENT_TARGET = 11.4;
				MTL_ENABLE_DEBUG_INFO = NO;
				SDKROOT = iphoneos;
				SWIFT_COMPILATION_MODE = wholemodule;
				SWIFT_OPTIMIZATION_LEVEL = "-O";
				VALIDATE_PRODUCT = YES;
			};
			name = Release;
		};
		3E3D7BD62186DD740068F5F0 /* Debug */ = {
			isa = XCBuildConfiguration;
			baseConfigurationReference = A7A06B2CA8D7721E37D10682 /* Pods-TestCompileDemoSwift.debug.xcconfig */;
			buildSettings = {
				ARCHS = (
					"$(ARCHS_STANDARD)",
					armv7s,
					armv7,
				);
				ASSETCATALOG_COMPILER_APPICON_NAME = AppIcon;
				CLANG_ENABLE_MODULES = YES;
				CODE_SIGN_IDENTITY = "iPhone Developer";
				CODE_SIGN_STYLE = Automatic;
				DEVELOPMENT_TEAM = T9DGSP4THT;
				ENABLE_BITCODE = NO;
				FRAMEWORK_SEARCH_PATHS = (
					"$(inherited)",
					"$(PROJECT_DIR)/TestCompileDemoSwift",
					"$(PROJECT_DIR)/TestCompileDemoSwift/PA_EWallet",
				);
				INFOPLIST_FILE = TestCompileDemoSwift/Info.plist;
				IPHONEOS_DEPLOYMENT_TARGET = 9.0;
				LD_RUNPATH_SEARCH_PATHS = (
					"$(inherited)",
					"@executable_path/Frameworks",
				);
				PRODUCT_BUNDLE_IDENTIFIER = com.extropies.TestCompileDemoSwift;
				PRODUCT_NAME = "$(TARGET_NAME)";
				PROVISIONING_PROFILE_SPECIFIER = "";
				SWIFT_OBJC_BRIDGING_HEADER = "TestCompileDemoSwift/TestCompileDemoSwift-Bridging-Header.h";
				SWIFT_OPTIMIZATION_LEVEL = "-Onone";
				SWIFT_VERSION = 4.0;
				TARGETED_DEVICE_FAMILY = "1,2";
				VALID_ARCHS = "arm64 armv7s armv7";
			};
			name = Debug;
		};
		3E3D7BD72186DD740068F5F0 /* Release */ = {
			isa = XCBuildConfiguration;
			baseConfigurationReference = E06B61A986EF0555ACCA27DF /* Pods-TestCompileDemoSwift.release.xcconfig */;
			buildSettings = {
				ARCHS = (
					"$(ARCHS_STANDARD)",
					armv7s,
					armv7,
				);
				ASSETCATALOG_COMPILER_APPICON_NAME = AppIcon;
				CLANG_ENABLE_MODULES = YES;
				CODE_SIGN_IDENTITY = "iPhone Developer";
				CODE_SIGN_STYLE = Automatic;
				DEVELOPMENT_TEAM = T9DGSP4THT;
				ENABLE_BITCODE = NO;
				FRAMEWORK_SEARCH_PATHS = (
					"$(inherited)",
					"$(PROJECT_DIR)/TestCompileDemoSwift",
					"$(PROJECT_DIR)/TestCompileDemoSwift/PA_EWallet",
				);
				INFOPLIST_FILE = TestCompileDemoSwift/Info.plist;
				IPHONEOS_DEPLOYMENT_TARGET = 9.0;
				LD_RUNPATH_SEARCH_PATHS = (
					"$(inherited)",
					"@executable_path/Frameworks",
				);
				PRODUCT_BUNDLE_IDENTIFIER = com.extropies.TestCompileDemoSwift;
				PRODUCT_NAME = "$(TARGET_NAME)";
				PROVISIONING_PROFILE_SPECIFIER = "";
				SWIFT_OBJC_BRIDGING_HEADER = "TestCompileDemoSwift/TestCompileDemoSwift-Bridging-Header.h";
				SWIFT_VERSION = 4.0;
				TARGETED_DEVICE_FAMILY = "1,2";
				VALID_ARCHS = "arm64 armv7s armv7";
			};
			name = Release;
		};
		3E3D7BD92186DD740068F5F0 /* Debug */ = {
			isa = XCBuildConfiguration;
			baseConfigurationReference = 89E496013177153E288D5B87 /* Pods-TestCompileDemoSwiftUITests.debug.xcconfig */;
			buildSettings = {
				ALWAYS_EMBED_SWIFT_STANDARD_LIBRARIES = YES;
				CODE_SIGN_STYLE = Automatic;
				DEVELOPMENT_TEAM = T9DGSP4THT;
				INFOPLIST_FILE = TestCompileDemoSwiftUITests/Info.plist;
				LD_RUNPATH_SEARCH_PATHS = (
					"$(inherited)",
					"@executable_path/Frameworks",
					"@loader_path/Frameworks",
				);
				PRODUCT_BUNDLE_IDENTIFIER = com.extropies.TestCompileDemoSwiftUITests;
				PRODUCT_NAME = "$(TARGET_NAME)";
				SWIFT_VERSION = 4.0;
				TARGETED_DEVICE_FAMILY = "1,2";
				TEST_TARGET_NAME = TestCompileDemoSwift;
			};
			name = Debug;
		};
		3E3D7BDA2186DD740068F5F0 /* Release */ = {
			isa = XCBuildConfiguration;
			baseConfigurationReference = 3D0E3EBD0110ADB869DFE7D4 /* Pods-TestCompileDemoSwiftUITests.release.xcconfig */;
			buildSettings = {
				ALWAYS_EMBED_SWIFT_STANDARD_LIBRARIES = YES;
				CODE_SIGN_STYLE = Automatic;
				DEVELOPMENT_TEAM = T9DGSP4THT;
				INFOPLIST_FILE = TestCompileDemoSwiftUITests/Info.plist;
				LD_RUNPATH_SEARCH_PATHS = (
					"$(inherited)",
					"@executable_path/Frameworks",
					"@loader_path/Frameworks",
				);
				PRODUCT_BUNDLE_IDENTIFIER = com.extropies.TestCompileDemoSwiftUITests;
				PRODUCT_NAME = "$(TARGET_NAME)";
				SWIFT_VERSION = 4.0;
				TARGETED_DEVICE_FAMILY = "1,2";
				TEST_TARGET_NAME = TestCompileDemoSwift;
			};
			name = Release;
		};
/* End XCBuildConfiguration section */

/* Begin XCConfigurationList section */
		3E3D7BB32186DD700068F5F0 /* Build configuration list for PBXProject "TestCompileDemoSwift" */ = {
			isa = XCConfigurationList;
			buildConfigurations = (
				3E3D7BD32186DD740068F5F0 /* Debug */,
				3E3D7BD42186DD740068F5F0 /* Release */,
			);
			defaultConfigurationIsVisible = 0;
			defaultConfigurationName = Release;
		};
		3E3D7BD52186DD740068F5F0 /* Build configuration list for PBXNativeTarget "TestCompileDemoSwift" */ = {
			isa = XCConfigurationList;
			buildConfigurations = (
				3E3D7BD62186DD740068F5F0 /* Debug */,
				3E3D7BD72186DD740068F5F0 /* Release */,
			);
			defaultConfigurationIsVisible = 0;
			defaultConfigurationName = Release;
		};
		3E3D7BD82186DD740068F5F0 /* Build configuration list for PBXNativeTarget "TestCompileDemoSwiftUITests" */ = {
			isa = XCConfigurationList;
			buildConfigurations = (
				3E3D7BD92186DD740068F5F0 /* Debug */,
				3E3D7BDA2186DD740068F5F0 /* Release */,
			);
			defaultConfigurationIsVisible = 0;
			defaultConfigurationName = Release;
		};
/* End XCConfigurationList section */
	};
	rootObject = 3E3D7BB02186DD700068F5F0 /* Project object */;
}
